dependencies:
- name: postgresql
  repository: oci://registry-1.docker.io/bitnamicharts
  version: 15.4.0
- name: redis
  repository: oci://registry-1.docker.io/bitnamicharts
  version: 18.19.4
- name: spar-g2pconnect-id-mapper
  repository: ""
  version: 0.1.0
- name: sunbird-rc-g2p-mapper-registry
  repository: ""
  version: 0.1.0
digest: sha256:2e0fa04ab464c79ced4dfef86733f1dd83aa5e69c37cec42d027bd29ce9eedbe
generated: "2024-05-26T01:09:19.410949873+05:30"
